
Microsoft Visual Studio Solution File, Format Version 12.00
# Visual Studio Version 17
VisualStudioVersion = 17.10.34928.147
MinimumVisualStudioVersion = 10.0.40219.1
Project("{FAE04EC0-301F-11D3-BF4B-00C04F79EFBC}") = "ContactExam", "ContactExam\ContactExam.csproj", "{FB83B4CF-FE5E-4FD2-9198-9F42CA537427}"
EndProject
Global
	GlobalSection(SolutionConfigurationPlatforms) = preSolution
		Debug|Any CPU = Debug|Any CPU
		Release|Any CPU = Release|Any CPU
	EndGlobalSection
	GlobalSection(ProjectConfigurationPlatforms) = postSolution
		{FB83B4CF-FE5E-4FD2-9198-9F42CA537427}.Debug|Any CPU.ActiveCfg = Debug|Any CPU
		{FB83B4CF-FE5E-4FD2-9198-9F42CA537427}.Debug|Any CPU.Build.0 = Debug|Any CPU
		{FB83B4CF-FE5E-4FD2-9198-9F42CA537427}.Release|Any CPU.ActiveCfg = Release|Any CPU
		{FB83B4CF-FE5E-4FD2-9198-9F42CA537427}.Release|Any CPU.Build.0 = Release|Any CPU
	EndGlobalSection
	GlobalSection(SolutionProperties) = preSolution
		HideSolutionNode = FALSE
	EndGlobalSection
	GlobalSection(ExtensibilityGlobals) = postSolution
		SolutionGuid = {5B80785A-893F-4119-8319-6C331B431448}
	EndGlobalSection
EndGlobal
